// !$*UTF8*$!
{
	archiveVersion = 1;
	classes = {
	};
	objectVersion = 56;
	objects = {

/* Begin PBXBuildFile section */
		5576129B2A72CE3400DB1510 /* AppDelegate.swift in Sources */ = {isa = PBXBuildFile; fileRef = 5576129A2A72CE3400DB1510 /* AppDelegate.swift */; };
		5576129F2A72CE3400DB1510 /* HomeViewController.swift in Sources */ = {isa = PBXBuildFile; fileRef = 5576129E2A72CE3400DB1510 /* HomeViewController.swift */; };
		557612A42A72CE3600DB1510 /* Assets.xcassets in Resources */ = {isa = PBXBuildFile; fileRef = 557612A32A72CE3600DB1510 /* Assets.xcassets */; };
		557612A72A72CE3600DB1510 /* LaunchScreen.storyboard in Resources */ = {isa = PBXBuildFile; fileRef = 557612A52A72CE3600DB1510 /* LaunchScreen.storyboard */; };
		557612B22A72CE3600DB1510 /* VerbRegularAppTests.swift in Sources */ = {isa = PBXBuildFile; fileRef = 557612B12A72CE3600DB1510 /* VerbRegularAppTests.swift */; };
		557612BC2A72CE3600DB1510 /* VerbRegularAppUITests.swift in Sources */ = {isa = PBXBuildFile; fileRef = 557612BB2A72CE3600DB1510 /* VerbRegularAppUITests.swift */; };
		557612BE2A72CE3600DB1510 /* VerbRegularAppUITestsLaunchTests.swift in Sources */ = {isa = PBXBuildFile; fileRef = 557612BD2A72CE3600DB1510 /* VerbRegularAppUITestsLaunchTests.swift */; };
		557612CB2A75521B00DB1510 /* String+ex.swift in Sources */ = {isa = PBXBuildFile; fileRef = 557612CA2A75521B00DB1510 /* String+ex.swift */; };
		557612D12A75533A00DB1510 /* Localizable.strings in Resources */ = {isa = PBXBuildFile; fileRef = 557612D32A75533A00DB1510 /* Localizable.strings */; };
		557612D62A755D5F00DB1510 /* SelectViewController.swift in Sources */ = {isa = PBXBuildFile; fileRef = 557612D52A755D5F00DB1510 /* SelectViewController.swift */; };
		557612D92A755DA600DB1510 /* Traine.swift in Sources */ = {isa = PBXBuildFile; fileRef = 557612D82A755DA600DB1510 /* Traine.swift */; };
		557612E02A7657B700DB1510 /* SnapKit in Frameworks */ = {isa = PBXBuildFile; productRef = 557612DF2A7657B700DB1510 /* SnapKit */; };
/* End PBXBuildFile section */

/* Begin PBXContainerItemProxy section */
		557612AE2A72CE3600DB1510 /* PBXContainerItemProxy */ = {
			isa = PBXContainerItemProxy;
			containerPortal = 5576128F2A72CE3400DB1510 /* Project object */;
			proxyType = 1;
			remoteGlobalIDString = 557612962A72CE3400DB1510;
			remoteInfo = VerbRegularApp;
		};
		557612B82A72CE3600DB1510 /* PBXContainerItemProxy */ = {
			isa = PBXContainerItemProxy;
			containerPortal = 5576128F2A72CE3400DB1510 /* Project object */;
			proxyType = 1;
			remoteGlobalIDString = 557612962A72CE3400DB1510;
			remoteInfo = VerbRegularApp;
		};
/* End PBXContainerItemProxy section */

/* Begin PBXFileReference section */
		557612972A72CE3400DB1510 /* VerbRegularApp.app */ = {isa = PBXFileReference; explicitFileType = wrapper.application; includeInIndex = 0; path = VerbRegularApp.app; sourceTree = BUILT_PRODUCTS_DIR; };
		5576129A2A72CE3400DB1510 /* AppDelegate.swift */ = {isa = PBXFileReference; lastKnownFileType = sourcecode.swift; path = AppDelegate.swift; sourceTree = "<group>"; };
		5576129E2A72CE3400DB1510 /* HomeViewController.swift */ = {isa = PBXFileReference; lastKnownFileType = sourcecode.swift; path = HomeViewController.swift; sourceTree = "<group>"; };
		557612A32A72CE3600DB1510 /* Assets.xcassets */ = {isa = PBXFileReference; lastKnownFileType = folder.assetcatalog; path = Assets.xcassets; sourceTree = "<group>"; };
		557612A62A72CE3600DB1510 /* Base */ = {isa = PBXFileReference; lastKnownFileType = file.storyboard; name = Base; path = Base.lproj/LaunchScreen.storyboard; sourceTree = "<group>"; };
		557612A82A72CE3600DB1510 /* Info.plist */ = {isa = PBXFileReference; lastKnownFileType = text.plist.xml; path = Info.plist; sourceTree = "<group>"; };
		557612AD2A72CE3600DB1510 /* VerbRegularAppTests.xctest */ = {isa = PBXFileReference; explicitFileType = wrapper.cfbundle; includeInIndex = 0; path = VerbRegularAppTests.xctest; sourceTree = BUILT_PRODUCTS_DIR; };
		557612B12A72CE3600DB1510 /* VerbRegularAppTests.swift */ = {isa = PBXFileReference; lastKnownFileType = sourcecode.swift; path = VerbRegularAppTests.swift; sourceTree = "<group>"; };
		557612B72A72CE3600DB1510 /* VerbRegularAppUITests.xctest */ = {isa = PBXFileReference; explicitFileType = wrapper.cfbundle; includeInIndex = 0; path = VerbRegularAppUITests.xctest; sourceTree = BUILT_PRODUCTS_DIR; };
		557612BB2A72CE3600DB1510 /* VerbRegularAppUITests.swift */ = {isa = PBXFileReference; lastKnownFileType = sourcecode.swift; path = VerbRegularAppUITests.swift; sourceTree = "<group>"; };
		557612BD2A72CE3600DB1510 /* VerbRegularAppUITestsLaunchTests.swift */ = {isa = PBXFileReference; lastKnownFileType = sourcecode.swift; path = VerbRegularAppUITestsLaunchTests.swift; sourceTree = "<group>"; };
		557612CA2A75521B00DB1510 /* String+ex.swift */ = {isa = PBXFileReference; lastKnownFileType = sourcecode.swift; path = "String+ex.swift"; sourceTree = "<group>"; };
		557612D22A75533A00DB1510 /* en */ = {isa = PBXFileReference; lastKnownFileType = text.plist.strings; name = en; path = en.lproj/Localizable.strings; sourceTree = "<group>"; };
		557612D42A75535D00DB1510 /* uk */ = {isa = PBXFileReference; lastKnownFileType = text.plist.strings; name = uk; path = uk.lproj/Localizable.strings; sourceTree = "<group>"; };
		557612D52A755D5F00DB1510 /* SelectViewController.swift */ = {isa = PBXFileReference; lastKnownFileType = sourcecode.swift; path = SelectViewController.swift; sourceTree = "<group>"; };
		557612D82A755DA600DB1510 /* Traine.swift */ = {isa = PBXFileReference; lastKnownFileType = sourcecode.swift; path = Traine.swift; sourceTree = "<group>"; };
/* End PBXFileReference section */

/* Begin PBXFrameworksBuildPhase section */
		557612942A72CE3400DB1510 /* Frameworks */ = {
			isa = PBXFrameworksBuildPhase;
			buildActionMask = 2147483647;
			files = (
				557612E02A7657B700DB1510 /* SnapKit in Frameworks */,
			);
			runOnlyForDeploymentPostprocessing = 0;
		};
		557612AA2A72CE3600DB1510 /* Frameworks */ = {
			isa = PBXFrameworksBuildPhase;
			buildActionMask = 2147483647;
			files = (
			);
			runOnlyForDeploymentPostprocessing = 0;
		};
		557612B42A72CE3600DB1510 /* Frameworks */ = {
			isa = PBXFrameworksBuildPhase;
			buildActionMask = 2147483647;
			files = (
			);
			runOnlyForDeploymentPostprocessing = 0;
		};
/* End PBXFrameworksBuildPhase section */

/* Begin PBXGroup section */
		5576128E2A72CE3400DB1510 = {
			isa = PBXGroup;
			children = (
				557612992A72CE3400DB1510 /* VerbRegularApp */,
				557612B02A72CE3600DB1510 /* VerbRegularAppTests */,
				557612BA2A72CE3600DB1510 /* VerbRegularAppUITests */,
				557612982A72CE3400DB1510 /* Products */,
			);
			sourceTree = "<group>";
		};
		557612982A72CE3400DB1510 /* Products */ = {
			isa = PBXGroup;
			children = (
				557612972A72CE3400DB1510 /* VerbRegularApp.app */,
				557612AD2A72CE3600DB1510 /* VerbRegularAppTests.xctest */,
				557612B72A72CE3600DB1510 /* VerbRegularAppUITests.xctest */,
			);
			name = Products;
			sourceTree = "<group>";
		};
		557612992A72CE3400DB1510 /* VerbRegularApp */ = {
			isa = PBXGroup;
			children = (
				5576129A2A72CE3400DB1510 /* AppDelegate.swift */,
				557612CE2A75526000DB1510 /* Home */,
				557612DA2A755DB400DB1510 /* Traine */,
				557612D72A755D8400DB1510 /* Select */,
				557612CC2A75522000DB1510 /* Extentions */,
				557612A32A72CE3600DB1510 /* Assets.xcassets */,
				557612A52A72CE3600DB1510 /* LaunchScreen.storyboard */,
				557612A82A72CE3600DB1510 /* Info.plist */,
			);
			path = VerbRegularApp;
			sourceTree = "<group>";
		};
		557612B02A72CE3600DB1510 /* VerbRegularAppTests */ = {
			isa = PBXGroup;
			children = (
				557612B12A72CE3600DB1510 /* VerbRegularAppTests.swift */,
			);
			path = VerbRegularAppTests;
			sourceTree = "<group>";
		};
		557612BA2A72CE3600DB1510 /* VerbRegularAppUITests */ = {
			isa = PBXGroup;
			children = (
				557612BB2A72CE3600DB1510 /* VerbRegularAppUITests.swift */,
				557612BD2A72CE3600DB1510 /* VerbRegularAppUITestsLaunchTests.swift */,
			);
			path = VerbRegularAppUITests;
			sourceTree = "<group>";
		};
		557612CC2A75522000DB1510 /* Extentions */ = {
			isa = PBXGroup;
			children = (
				557612CA2A75521B00DB1510 /* String+ex.swift */,
				557612D32A75533A00DB1510 /* Localizable.strings */,
			);
			path = Extentions;
			sourceTree = "<group>";
		};
		557612CD2A75525000DB1510 /* Controller */ = {
			isa = PBXGroup;
			children = (
				5576129E2A72CE3400DB1510 /* HomeViewController.swift */,
			);
			path = Controller;
			sourceTree = "<group>";
		};
		557612CE2A75526000DB1510 /* Home */ = {
			isa = PBXGroup;
			children = (
				557612CD2A75525000DB1510 /* Controller */,
			);
			path = Home;
			sourceTree = "<group>";
		};
		557612D72A755D8400DB1510 /* Select */ = {
			isa = PBXGroup;
			children = (
				557612D52A755D5F00DB1510 /* SelectViewController.swift */,
			);
			path = Select;
			sourceTree = "<group>";
		};
		557612DA2A755DB400DB1510 /* Traine */ = {
			isa = PBXGroup;
			children = (
				557612D82A755DA600DB1510 /* Traine.swift */,
			);
			path = Traine;
			sourceTree = "<group>";
		};
/* End PBXGroup section */

/* Begin PBXNativeTarget section */
		557612962A72CE3400DB1510 /* VerbRegularApp */ = {
			isa = PBXNativeTarget;
			buildConfigurationList = 557612C12A72CE3600DB1510 /* Build configuration list for PBXNativeTarget "VerbRegularApp" */;
			buildPhases = (
				557612932A72CE3400DB1510 /* Sources */,
				557612942A72CE3400DB1510 /* Frameworks */,
				557612952A72CE3400DB1510 /* Resources */,
			);
			buildRules = (
			);
			dependencies = (
			);
			name = VerbRegularApp;
			packageProductDependencies = (
				557612DF2A7657B700DB1510 /* SnapKit */,
			);
			productName = VerbRegularApp;
			productReference = 557612972A72CE3400DB1510 /* VerbRegularApp.app */;
			productType = "com.apple.product-type.application";
		};
		557612AC2A72CE3600DB1510 /* VerbRegularAppTests */ = {
			isa = PBXNativeTarget;
			buildConfigurationList = 557612C42A72CE3600DB1510 /* Build configuration list for PBXNativeTarget "VerbRegularAppTests" */;
			buildPhases = (
				557612A92A72CE3600DB1510 /* Sources */,
				557612AA2A72CE3600DB1510 /* Frameworks */,
				557612AB2A72CE3600DB1510 /* Resources */,
			);
			buildRules = (
			);
			dependencies = (
				557612AF2A72CE3600DB1510 /* PBXTargetDependency */,
			);
			name = VerbRegularAppTests;
			productName = VerbRegularAppTests;
			productReference = 557612AD2A72CE3600DB1510 /* VerbRegularAppTests.xctest */;
			productType = "com.apple.product-type.bundle.unit-test";
		};
		557612B62A72CE3600DB1510 /* VerbRegularAppUITests */ = {
			isa = PBXNativeTarget;
			buildConfigurationList = 557612C72A72CE3600DB1510 /* Build configuration list for PBXNativeTarget "VerbRegularAppUITests" */;
			buildPhases = (
				557612B32A72CE3600DB1510 /* Sources */,
				557612B42A72CE3600DB1510 /* Frameworks */,
				557612B52A72CE3600DB1510 /* Resources */,
			);
			buildRules = (
			);
			dependencies = (
				557612B92A72CE3600DB1510 /* PBXTargetDependency */,
			);
			name = VerbRegularAppUITests;
			productName = VerbRegularAppUITests;
			productReference = 557612B72A72CE3600DB1510 /* VerbRegularAppUITests.xctest */;
			productType = "com.apple.product-type.bundle.ui-testing";
		};
/* End PBXNativeTarget section */

/* Begin PBXProject section */
		5576128F2A72CE3400DB1510 /* Project object */ = {
			isa = PBXProject;
			attributes = {
				BuildIndependentTargetsInParallel = 1;
				LastSwiftUpdateCheck = 1430;
				LastUpgradeCheck = 1430;
				TargetAttributes = {
					557612962A72CE3400DB1510 = {
						CreatedOnToolsVersion = 14.3.1;
					};
					557612AC2A72CE3600DB1510 = {
						CreatedOnToolsVersion = 14.3.1;
						TestTargetID = 557612962A72CE3400DB1510;
					};
					557612B62A72CE3600DB1510 = {
						CreatedOnToolsVersion = 14.3.1;
						TestTargetID = 557612962A72CE3400DB1510;
					};
				};
			};
			buildConfigurationList = 557612922A72CE3400DB1510 /* Build configuration list for PBXProject "VerbRegularApp" */;
			compatibilityVersion = "Xcode 14.0";
			developmentRegion = en;
			hasScannedForEncodings = 0;
			knownRegions = (
				en,
				Base,
				uk,
			);
			mainGroup = 5576128E2A72CE3400DB1510;
			packageReferences = (
				557612DE2A7657B700DB1510 /* XCRemoteSwiftPackageReference "SnapKit" */,
			);
			productRefGroup = 557612982A72CE3400DB1510 /* Products */;
			projectDirPath = "";
			projectRoot = "";
			targets = (
				557612962A72CE3400DB1510 /* VerbRegularApp */,
				557612AC2A72CE3600DB1510 /* VerbRegularAppTests */,
				557612B62A72CE3600DB1510 /* VerbRegularAppUITests */,
			);
		};
/* End PBXProject section */

/* Begin PBXResourcesBuildPhase section */
		557612952A72CE3400DB1510 /* Resources */ = {
			isa = PBXResourcesBuildPhase;
			buildActionMask = 2147483647;
			files = (
				557612A72A72CE3600DB1510 /* LaunchScreen.storyboard in Resources */,
				557612D12A75533A00DB1510 /* Localizable.strings in Resources */,
				557612A42A72CE3600DB1510 /* Assets.xcassets in Resources */,
			);
			runOnlyForDeploymentPostprocessing = 0;
		};
		557612AB2A72CE3600DB1510 /* Resources */ = {
			isa = PBXResourcesBuildPhase;
			buildActionMask = 2147483647;
			files = (
			);
			runOnlyForDeploymentPostprocessing = 0;
		};
		557612B52A72CE3600DB1510 /* Resources */ = {
			isa = PBXResourcesBuildPhase;
			buildActionMask = 2147483647;
			files = (
			);
			runOnlyForDeploymentPostprocessing = 0;
		};
/* End PBXResourcesBuildPhase section */

/* Begin PBXSourcesBuildPhase section */
		557612932A72CE3400DB1510 /* Sources */ = {
			isa = PBXSourcesBuildPhase;
			buildActionMask = 2147483647;
			files = (
				557612D62A755D5F00DB1510 /* SelectViewController.swift in Sources */,
				5576129F2A72CE3400DB1510 /* HomeViewController.swift in Sources */,
				557612CB2A75521B00DB1510 /* String+ex.swift in Sources */,
				5576129B2A72CE3400DB1510 /* AppDelegate.swift in Sources */,
				557612D92A755DA600DB1510 /* Traine.swift in Sources */,
			);
			runOnlyForDeploymentPostprocessing = 0;
		};
		557612A92A72CE3600DB1510 /* Sources */ = {
			isa = PBXSourcesBuildPhase;
			buildActionMask = 2147483647;
			files = (
				557612B22A72CE3600DB1510 /* VerbRegularAppTests.swift in Sources */,
			);
			runOnlyForDeploymentPostprocessing = 0;
		};
		557612B32A72CE3600DB1510 /* Sources */ = {
			isa = PBXSourcesBuildPhase;
			buildActionMask = 2147483647;
			files = (
				557612BE2A72CE3600DB1510 /* VerbRegularAppUITestsLaunchTests.swift in Sources */,
				557612BC2A72CE3600DB1510 /* VerbRegularAppUITests.swift in Sources */,
			);
			runOnlyForDeploymentPostprocessing = 0;
		};
/* End PBXSourcesBuildPhase section */

/* Begin PBXTargetDependency section */
		557612AF2A72CE3600DB1510 /* PBXTargetDependency */ = {
			isa = PBXTargetDependency;
			target = 557612962A72CE3400DB1510 /* VerbRegularApp */;
			targetProxy = 557612AE2A72CE3600DB1510 /* PBXContainerItemProxy */;
		};
		557612B92A72CE3600DB1510 /* PBXTargetDependency */ = {
			isa = PBXTargetDependency;
			target = 557612962A72CE3400DB1510 /* VerbRegularApp */;
			targetProxy = 557612B82A72CE3600DB1510 /* PBXContainerItemProxy */;
		};
/* End PBXTargetDependency section */

/* Begin PBXVariantGroup section */
		557612A52A72CE3600DB1510 /* LaunchScreen.storyboard */ = {
			isa = PBXVariantGroup;
			children = (
				557612A62A72CE3600DB1510 /* Base */,
			);
			name = LaunchScreen.storyboard;
			sourceTree = "<group>";
		};
		557612D32A75533A00DB1510 /* Localizable.strings */ = {
			isa = PBXVariantGroup;
			children = (
				557612D22A75533A00DB1510 /* en */,
				557612D42A75535D00DB1510 /* uk */,
			);
			name = Localizable.strings;
			sourceTree = "<group>";
		};
/* End PBXVariantGroup section */

/* Begin XCBuildConfiguration section */
		557612BF2A72CE3600DB1510 /* Debug */ = {
			isa = XCBuildConfiguration;
			buildSettings = {
				ALWAYS_SEARCH_USER_PATHS = NO;
				CLANG_ANALYZER_LOCALIZABILITY_NONLOCALIZED = YES;
				CLANG_ANALYZER_NONNULL = YES;
				CLANG_ANALYZER_NUMBER_OBJECT_CONVERSION = YES_AGGRESSIVE;
				CLANG_CXX_LANGUAGE_STANDARD = "gnu++20";
				CLANG_ENABLE_MODULES = YES;
				CLANG_ENABLE_OBJC_ARC = YES;
				CLANG_ENABLE_OBJC_WEAK = YES;
				CLANG_WARN_BLOCK_CAPTURE_AUTORELEASING = YES;
				CLANG_WARN_BOOL_CONVERSION = YES;
				CLANG_WARN_COMMA = YES;
				CLANG_WARN_CONSTANT_CONVERSION = YES;
				CLANG_WARN_DEPRECATED_OBJC_IMPLEMENTATIONS = YES;
				CLANG_WARN_DIRECT_OBJC_ISA_USAGE = YES_ERROR;
				CLANG_WARN_DOCUMENTATION_COMMENTS = YES;
				CLANG_WARN_EMPTY_BODY = YES;
				CLANG_WARN_ENUM_CONVERSION = YES;
				CLANG_WARN_INFINITE_RECURSION = YES;
				CLANG_WARN_INT_CONVERSION = YES;
				CLANG_WARN_NON_LITERAL_NULL_CONVERSION = YES;
				CLANG_WARN_OBJC_IMPLICIT_RETAIN_SELF = YES;
				CLANG_WARN_OBJC_LITERAL_CONVERSION = YES;
				CLANG_WARN_OBJC_ROOT_CLASS = YES_ERROR;
				CLANG_WARN_QUOTED_INCLUDE_IN_FRAMEWORK_HEADER = YES;
				CLANG_WARN_RANGE_LOOP_ANALYSIS = YES;
				CLANG_WARN_STRICT_PROTOTYPES = YES;
				CLANG_WARN_SUSPICIOUS_MOVE = YES;
				CLANG_WARN_UNGUARDED_AVAILABILITY = YES_AGGRESSIVE;
				CLANG_WARN_UNREACHABLE_CODE = YES;
				CLANG_WARN__DUPLICATE_METHOD_MATCH = YES;
				COPY_PHASE_STRIP = NO;
				DEBUG_INFORMATION_FORMAT = dwarf;
				ENABLE_STRICT_OBJC_MSGSEND = YES;
				ENABLE_TESTABILITY = YES;
				GCC_C_LANGUAGE_STANDARD = gnu11;
				GCC_DYNAMIC_NO_PIC = NO;
				GCC_NO_COMMON_BLOCKS = YES;
				GCC_OPTIMIZATION_LEVEL = 0;
				GCC_PREPROCESSOR_DEFINITIONS = (
					"DEBUG=1",
					"$(inherited)",
				);
				GCC_WARN_64_TO_32_BIT_CONVERSION = YES;
				GCC_WARN_ABOUT_RETURN_TYPE = YES_ERROR;
				GCC_WARN_UNDECLARED_SELECTOR = YES;
				GCC_WARN_UNINITIALIZED_AUTOS = YES_AGGRESSIVE;
				GCC_WARN_UNUSED_FUNCTION = YES;
				GCC_WARN_UNUSED_VARIABLE = YES;
				IPHONEOS_DEPLOYMENT_TARGET = 16.4;
				MTL_ENABLE_DEBUG_INFO = INCLUDE_SOURCE;
				MTL_FAST_MATH = YES;
				ONLY_ACTIVE_ARCH = YES;
				SDKROOT = iphoneos;
				SWIFT_ACTIVE_COMPILATION_CONDITIONS = DEBUG;
				SWIFT_OPTIMIZATION_LEVEL = "-Onone";
			};
			name = Debug;
		};
		557612C02A72CE3600DB1510 /* Release */ = {
			isa = XCBuildConfiguration;
			buildSettings = {
				ALWAYS_SEARCH_USER_PATHS = NO;
				CLANG_ANALYZER_LOCALIZABILITY_NONLOCALIZED = YES;
				CLANG_ANALYZER_NONNULL = YES;
				CLANG_ANALYZER_NUMBER_OBJECT_CONVERSION = YES_AGGRESSIVE;
				CLANG_CXX_LANGUAGE_STANDARD = "gnu++20";
				CLANG_ENABLE_MODULES = YES;
				CLANG_ENABLE_OBJC_ARC = YES;
				CLANG_ENABLE_OBJC_WEAK = YES;
				CLANG_WARN_BLOCK_CAPTURE_AUTORELEASING = YES;
				CLANG_WARN_BOOL_CONVERSION = YES;
				CLANG_WARN_COMMA = YES;
				CLANG_WARN_CONSTANT_CONVERSION = YES;
				CLANG_WARN_DEPRECATED_OBJC_IMPLEMENTATIONS = YES;
				CLANG_WARN_DIRECT_OBJC_ISA_USAGE = YES_ERROR;
				CLANG_WARN_DOCUMENTATION_COMMENTS = YES;
				CLANG_WARN_EMPTY_BODY = YES;
				CLANG_WARN_ENUM_CONVERSION = YES;
				CLANG_WARN_INFINITE_RECURSION = YES;
				CLANG_WARN_INT_CONVERSION = YES;
				CLANG_WARN_NON_LITERAL_NULL_CONVERSION = YES;
				CLANG_WARN_OBJC_IMPLICIT_RETAIN_SELF = YES;
				CLANG_WARN_OBJC_LITERAL_CONVERSION = YES;
				CLANG_WARN_OBJC_ROOT_CLASS = YES_ERROR;
				CLANG_WARN_QUOTED_INCLUDE_IN_FRAMEWORK_HEADER = YES;
				CLANG_WARN_RANGE_LOOP_ANALYSIS = YES;
				CLANG_WARN_STRICT_PROTOTYPES = YES;
				CLANG_WARN_SUSPICIOUS_MOVE = YES;
				CLANG_WARN_UNGUARDED_AVAILABILITY = YES_AGGRESSIVE;
				CLANG_WARN_UNREACHABLE_CODE = YES;
				CLANG_WARN__DUPLICATE_METHOD_MATCH = YES;
				COPY_PHASE_STRIP = NO;
				DEBUG_INFORMATION_FORMAT = "dwarf-with-dsym";
				ENABLE_NS_ASSERTIONS = NO;
				ENABLE_STRICT_OBJC_MSGSEND = YES;
				GCC_C_LANGUAGE_STANDARD = gnu11;
				GCC_NO_COMMON_BLOCKS = YES;
				GCC_WARN_64_TO_32_BIT_CONVERSION = YES;
				GCC_WARN_ABOUT_RETURN_TYPE = YES_ERROR;
				GCC_WARN_UNDECLARED_SELECTOR = YES;
				GCC_WARN_UNINITIALIZED_AUTOS = YES_AGGRESSIVE;
				GCC_WARN_UNUSED_FUNCTION = YES;
				GCC_WARN_UNUSED_VARIABLE = YES;
				IPHONEOS_DEPLOYMENT_TARGET = 16.4;
				MTL_ENABLE_DEBUG_INFO = NO;
				MTL_FAST_MATH = YES;
				SDKROOT = iphoneos;
				SWIFT_COMPILATION_MODE = wholemodule;
				SWIFT_OPTIMIZATION_LEVEL = "-O";
				VALIDATE_PRODUCT = YES;
			};
			name = Release;
		};
		557612C22A72CE3600DB1510 /* Debug */ = {
			isa = XCBuildConfiguration;
			buildSettings = {
				ASSETCATALOG_COMPILER_APPICON_NAME = AppIcon;
				ASSETCATALOG_COMPILER_GLOBAL_ACCENT_COLOR_NAME = AccentColor;
				CODE_SIGN_STYLE = Automatic;
				CURRENT_PROJECT_VERSION = 1;
				DEVELOPMENT_TEAM = YBPRV4DAUS;
				GENERATE_INFOPLIST_FILE = YES;
				INFOPLIST_FILE = VerbRegularApp/Info.plist;
				INFOPLIST_KEY_UIApplicationSupportsIndirectInputEvents = YES;
				INFOPLIST_KEY_UILaunchStoryboardName = LaunchScreen;
				INFOPLIST_KEY_UISupportedInterfaceOrientations_iPad = "UIInterfaceOrientationPortrait UIInterfaceOrientationPortraitUpsideDown UIInterfaceOrientationLandscapeLeft UIInterfaceOrientationLandscapeRight";
				INFOPLIST_KEY_UISupportedInterfaceOrientations_iPhone = "UIInterfaceOrientationPortrait UIInterfaceOrientationLandscapeLeft UIInterfaceOrientationLandscapeRight";
				LD_RUNPATH_SEARCH_PATHS = (
					"$(inherited)",
					"@executable_path/Frameworks",
				);
				MARKETING_VERSION = 1.0;
				PRODUCT_BUNDLE_IDENTIFIER = ershov.VerbRegularApp;
				PRODUCT_NAME = "$(TARGET_NAME)";
				SWIFT_EMIT_LOC_STRINGS = YES;
				SWIFT_VERSION = 5.0;
				TARGETED_DEVICE_FAMILY = "1,2";
			};
			name = Debug;
		};
		557612C32A72CE3600DB1510 /* Release */ = {
			isa = XCBuildConfiguration;
			buildSettings = {
				ASSETCATALOG_COMPILER_APPICON_NAME = AppIcon;
				ASSETCATALOG_COMPILER_GLOBAL_ACCENT_COLOR_NAME = AccentColor;
				CODE_SIGN_STYLE = Automatic;
				CURRENT_PROJECT_VERSION = 1;
				DEVELOPMENT_TEAM = YBPRV4DAUS;
				GENERATE_INFOPLIST_FILE = YES;
				INFOPLIST_FILE = VerbRegularApp/Info.plist;
				INFOPLIST_KEY_UIApplicationSupportsIndirectInputEvents = YES;
				INFOPLIST_KEY_UILaunchStoryboardName = LaunchScreen;
				INFOPLIST_KEY_UISupportedInterfaceOrientations_iPad = "UIInterfaceOrientationPortrait UIInterfaceOrientationPortraitUpsideDown UIInterfaceOrientationLandscapeLeft UIInterfaceOrientationLandscapeRight";
				INFOPLIST_KEY_UISupportedInterfaceOrientations_iPhone = "UIInterfaceOrientationPortrait UIInterfaceOrientationLandscapeLeft UIInterfaceOrientationLandscapeRight";
				LD_RUNPATH_SEARCH_PATHS = (
					"$(inherited)",
					"@executable_path/Frameworks",
				);
				MARKETING_VERSION = 1.0;
				PRODUCT_BUNDLE_IDENTIFIER = ershov.VerbRegularApp;
				PRODUCT_NAME = "$(TARGET_NAME)";
				SWIFT_EMIT_LOC_STRINGS = YES;
				SWIFT_VERSION = 5.0;
				TARGETED_DEVICE_FAMILY = "1,2";
			};
			name = Release;
		};
		557612C52A72CE3600DB1510 /* Debug */ = {
			isa = XCBuildConfiguration;
			buildSettings = {
				ALWAYS_EMBED_SWIFT_STANDARD_LIBRARIES = YES;
				BUNDLE_LOADER = "$(TEST_HOST)";
				CODE_SIGN_STYLE = Automatic;
				CURRENT_PROJECT_VERSION = 1;
				DEVELOPMENT_TEAM = YBPRV4DAUS;
				GENERATE_INFOPLIST_FILE = YES;
				IPHONEOS_DEPLOYMENT_TARGET = 16.4;
				MARKETING_VERSION = 1.0;
				PRODUCT_BUNDLE_IDENTIFIER = ershov.VerbRegularAppTests;
				PRODUCT_NAME = "$(TARGET_NAME)";
				SWIFT_EMIT_LOC_STRINGS = NO;
				SWIFT_VERSION = 5.0;
				TARGETED_DEVICE_FAMILY = "1,2";
				TEST_HOST = "$(BUILT_PRODUCTS_DIR)/VerbRegularApp.app/$(BUNDLE_EXECUTABLE_FOLDER_PATH)/VerbRegularApp";
			};
			name = Debug;
		};
		557612C62A72CE3600DB1510 /* Release */ = {
			isa = XCBuildConfiguration;
			buildSettings = {
				ALWAYS_EMBED_SWIFT_STANDARD_LIBRARIES = YES;
				BUNDLE_LOADER = "$(TEST_HOST)";
				CODE_SIGN_STYLE = Automatic;
				CURRENT_PROJECT_VERSION = 1;
				DEVELOPMENT_TEAM = YBPRV4DAUS;
				GENERATE_INFOPLIST_FILE = YES;
				IPHONEOS_DEPLOYMENT_TARGET = 16.4;
				MARKETING_VERSION = 1.0;
				PRODUCT_BUNDLE_IDENTIFIER = ershov.VerbRegularAppTests;
				PRODUCT_NAME = "$(TARGET_NAME)";
				SWIFT_EMIT_LOC_STRINGS = NO;
				SWIFT_VERSION = 5.0;
				TARGETED_DEVICE_FAMILY = "1,2";
				TEST_HOST = "$(BUILT_PRODUCTS_DIR)/VerbRegularApp.app/$(BUNDLE_EXECUTABLE_FOLDER_PATH)/VerbRegularApp";
			};
			name = Release;
		};
		557612C82A72CE3600DB1510 /* Debug */ = {
			isa = XCBuildConfiguration;
			buildSettings = {
				ALWAYS_EMBED_SWIFT_STANDARD_LIBRARIES = YES;
				CODE_SIGN_STYLE = Automatic;
				CURRENT_PROJECT_VERSION = 1;
				DEVELOPMENT_TEAM = YBPRV4DAUS;
				GENERATE_INFOPLIST_FILE = YES;
				MARKETING_VERSION = 1.0;
				PRODUCT_BUNDLE_IDENTIFIER = ershov.VerbRegularAppUITests;
				PRODUCT_NAME = "$(TARGET_NAME)";
				SWIFT_EMIT_LOC_STRINGS = NO;
				SWIFT_VERSION = 5.0;
				TARGETED_DEVICE_FAMILY = "1,2";
				TEST_TARGET_NAME = VerbRegularApp;
			};
			name = Debug;
		};
		557612C92A72CE3600DB1510 /* Release */ = {
			isa = XCBuildConfiguration;
			buildSettings = {
				ALWAYS_EMBED_SWIFT_STANDARD_LIBRARIES = YES;
				CODE_SIGN_STYLE = Automatic;
				CURRENT_PROJECT_VERSION = 1;
				DEVELOPMENT_TEAM = YBPRV4DAUS;
				GENERATE_INFOPLIST_FILE = YES;
				MARKETING_VERSION = 1.0;
				PRODUCT_BUNDLE_IDENTIFIER = ershov.VerbRegularAppUITests;
				PRODUCT_NAME = "$(TARGET_NAME)";
				SWIFT_EMIT_LOC_STRINGS = NO;
				SWIFT_VERSION = 5.0;
				TARGETED_DEVICE_FAMILY = "1,2";
				TEST_TARGET_NAME = VerbRegularApp;
			};
			name = Release;
		};
/* End XCBuildConfiguration section */

/* Begin XCConfigurationList section */
		557612922A72CE3400DB1510 /* Build configuration list for PBXProject "VerbRegularApp" */ = {
			isa = XCConfigurationList;
			buildConfigurations = (
				557612BF2A72CE3600DB1510 /* Debug */,
				557612C02A72CE3600DB1510 /* Release */,
			);
			defaultConfigurationIsVisible = 0;
			defaultConfigurationName = Release;
		};
		557612C12A72CE3600DB1510 /* Build configuration list for PBXNativeTarget "VerbRegularApp" */ = {
			isa = XCConfigurationList;
			buildConfigurations = (
				557612C22A72CE3600DB1510 /* Debug */,
				557612C32A72CE3600DB1510 /* Release */,
			);
			defaultConfigurationIsVisible = 0;
			defaultConfigurationName = Release;
		};
		557612C42A72CE3600DB1510 /* Build configuration list for PBXNativeTarget "VerbRegularAppTests" */ = {
			isa = XCConfigurationList;
			buildConfigurations = (
				557612C52A72CE3600DB1510 /* Debug */,
				557612C62A72CE3600DB1510 /* Release */,
			);
			defaultConfigurationIsVisible = 0;
			defaultConfigurationName = Release;
		};
		557612C72A72CE3600DB1510 /* Build configuration list for PBXNativeTarget "VerbRegularAppUITests" */ = {
			isa = XCConfigurationList;
			buildConfigurations = (
				557612C82A72CE3600DB1510 /* Debug */,
				557612C92A72CE3600DB1510 /* Release */,
			);
			defaultConfigurationIsVisible = 0;
			defaultConfigurationName = Release;
		};
/* End XCConfigurationList section */

/* Begin XCRemoteSwiftPackageReference section */
		557612DE2A7657B700DB1510 /* XCRemoteSwiftPackageReference "SnapKit" */ = {
			isa = XCRemoteSwiftPackageReference;
			repositoryURL = "https://github.com/SnapKit/SnapKit.git";
			requirement = {
				kind = upToNextMajorVersion;
				minimumVersion = 5.0.0;
			};
		};
/* End XCRemoteSwiftPackageReference section */

/* Begin XCSwiftPackageProductDependency section */
		557612DF2A7657B700DB1510 /* SnapKit */ = {
			isa = XCSwiftPackageProductDependency;
			package = 557612DE2A7657B700DB1510 /* XCRemoteSwiftPackageReference "SnapKit" */;
			productName = SnapKit;
		};
/* End XCSwiftPackageProductDependency section */
	};
	rootObject = 5576128F2A72CE3400DB1510 /* Project object */;
}
